
Microsoft Visual Studio Solution File, Format Version 12.00
# Visual Studio Version 16
VisualStudioVersion = 16.0.30413.136
MinimumVisualStudioVersion = 10.0.40219.1
Project("{FAE04EC0-301F-11D3-BF4B-00C04F79EFBC}") = "WindowsFormMenuu", "WindowsFormMenuu\WindowsFormMenuu.csproj", "{C9617D6C-1B36-4D41-90E2-F53C9042DE59}"
EndProject
Global
	GlobalSection(SolutionConfigurationPlatforms) = preSolution
		Debug|Any CPU = Debug|Any CPU
		Release|Any CPU = Release|Any CPU
	EndGlobalSection
	GlobalSection(ProjectConfigurationPlatforms) = postSolution
		{C9617D6C-1B36-4D41-90E2-F53C9042DE59}.Debug|Any CPU.ActiveCfg = Debug|Any CPU
		{C9617D6C-1B36-4D41-90E2-F53C9042DE59}.Debug|Any CPU.Build.0 = Debug|Any CPU
		{C9617D6C-1B36-4D41-90E2-F53C9042DE59}.Release|Any CPU.ActiveCfg = Release|Any CPU
		{C9617D6C-1B36-4D41-90E2-F53C9042DE59}.Release|Any CPU.Build.0 = Release|Any CPU
	EndGlobalSection
	GlobalSection(SolutionProperties) = preSolution
		HideSolutionNode = FALSE
	EndGlobalSection
	GlobalSection(ExtensibilityGlobals) = postSolution
		SolutionGuid = {A6DCF1B1-4EC5-4EE5-9B65-304E6CA18722}
	EndGlobalSection
EndGlobal
